
Microsoft Visual Studio Solution File, Format Version 12.00
Project("{FAE04EC0-301F-11D3-BF4B-00C04F79EFBC}") = "Demolite.Http", "Demolite.Http\Demolite.Http.csproj", "{024CAED3-F267-4D02-94EF-79B85231B34F}"
EndProject
Global
	GlobalSection(SolutionConfigurationPlatforms) = preSolution
		Debug|Any CPU = Debug|Any CPU
		Release|Any CPU = Release|Any CPU
	EndGlobalSection
	GlobalSection(ProjectConfigurationPlatforms) = postSolution
		{024CAED3-F267-4D02-94EF-79B85231B34F}.Debug|Any CPU.ActiveCfg = Debug|Any CPU
		{024CAED3-F267-4D02-94EF-79B85231B34F}.Debug|Any CPU.Build.0 = Debug|Any CPU
		{024CAED3-F267-4D02-94EF-79B85231B34F}.Release|Any CPU.ActiveCfg = Release|Any CPU
		{024CAED3-F267-4D02-94EF-79B85231B34F}.Release|Any CPU.Build.0 = Release|Any CPU
	EndGlobalSection
EndGlobal
